// !$*UTF8*$!
{
	archiveVersion = 1;
	classes = {
	};
	objectVersion = 77;
	objects = {

/* Begin PBXBuildFile section */
		C45AF6832D9A2D32002C7190 /* FirebaseAnalytics in Frameworks */ = {isa = PBXBuildFile; productRef = C45AF6822D9A2D32002C7190 /* FirebaseAnalytics */; };
		C45AF6852D9A2D32002C7190 /* FirebaseAnalyticsOnDeviceConversion in Frameworks */ = {isa = PBXBuildFile; productRef = C45AF6842D9A2D32002C7190 /* FirebaseAnalyticsOnDeviceConversion */; };
		C45AF6872D9A2D32002C7190 /* FirebaseAnalyticsWithoutAdIdSupport in Frameworks */ = {isa = PBXBuildFile; productRef = C45AF6862D9A2D32002C7190 /* FirebaseAnalyticsWithoutAdIdSupport */; };
		C45AF6892D9A2D32002C7190 /* FirebaseAppCheck in Frameworks */ = {isa = PBXBuildFile; productRef = C45AF6882D9A2D32002C7190 /* FirebaseAppCheck */; };
		C45AF68B2D9A2D32002C7190 /* FirebaseAppDistribution-Beta in Frameworks */ = {isa = PBXBuildFile; productRef = C45AF68A2D9A2D32002C7190 /* FirebaseAppDistribution-Beta */; };
		C45AF68D2D9A2D32002C7190 /* FirebaseAuth in Frameworks */ = {isa = PBXBuildFile; productRef = C45AF68C2D9A2D32002C7190 /* FirebaseAuth */; };
		C45AF68F2D9A2D32002C7190 /* FirebaseAuthCombine-Community in Frameworks */ = {isa = PBXBuildFile; productRef = C45AF68E2D9A2D32002C7190 /* FirebaseAuthCombine-Community */; };
		C45AF6912D9A2D32002C7190 /* FirebaseCore in Frameworks */ = {isa = PBXBuildFile; productRef = C45AF6902D9A2D32002C7190 /* FirebaseCore */; };
		C45AF6932D9A2D32002C7190 /* FirebaseCrashlytics in Frameworks */ = {isa = PBXBuildFile; productRef = C45AF6922D9A2D32002C7190 /* FirebaseCrashlytics */; };
		C45AF6952D9A2D32002C7190 /* FirebaseDatabase in Frameworks */ = {isa = PBXBuildFile; productRef = C45AF6942D9A2D32002C7190 /* FirebaseDatabase */; };
		C45AF6972D9A2D32002C7190 /* FirebaseDynamicLinks in Frameworks */ = {isa = PBXBuildFile; productRef = C45AF6962D9A2D32002C7190 /* FirebaseDynamicLinks */; };
		C45AF6992D9A2D32002C7190 /* FirebaseFirestore in Frameworks */ = {isa = PBXBuildFile; productRef = C45AF6982D9A2D32002C7190 /* FirebaseFirestore */; };
		C45AF69B2D9A2D32002C7190 /* FirebaseFirestoreCombine-Community in Frameworks */ = {isa = PBXBuildFile; productRef = C45AF69A2D9A2D32002C7190 /* FirebaseFirestoreCombine-Community */; };
		C45AF69D2D9A2D32002C7190 /* FirebaseFunctions in Frameworks */ = {isa = PBXBuildFile; productRef = C45AF69C2D9A2D32002C7190 /* FirebaseFunctions */; };
		C45AF69F2D9A2D32002C7190 /* FirebaseFunctionsCombine-Community in Frameworks */ = {isa = PBXBuildFile; productRef = C45AF69E2D9A2D32002C7190 /* FirebaseFunctionsCombine-Community */; };
		C45AF6A12D9A2D32002C7190 /* FirebaseInAppMessaging-Beta in Frameworks */ = {isa = PBXBuildFile; productRef = C45AF6A02D9A2D32002C7190 /* FirebaseInAppMessaging-Beta */; };
		C45AF6A32D9A2D32002C7190 /* FirebaseInstallations in Frameworks */ = {isa = PBXBuildFile; productRef = C45AF6A22D9A2D32002C7190 /* FirebaseInstallations */; };
		C45AF6A52D9A2D32002C7190 /* FirebaseMessaging in Frameworks */ = {isa = PBXBuildFile; productRef = C45AF6A42D9A2D32002C7190 /* FirebaseMessaging */; };
		C45AF6A72D9A2D32002C7190 /* FirebaseMLModelDownloader in Frameworks */ = {isa = PBXBuildFile; productRef = C45AF6A62D9A2D32002C7190 /* FirebaseMLModelDownloader */; };
		C45AF6A92D9A2D32002C7190 /* FirebasePerformance in Frameworks */ = {isa = PBXBuildFile; productRef = C45AF6A82D9A2D32002C7190 /* FirebasePerformance */; };
		C45AF6AB2D9A2D32002C7190 /* FirebaseRemoteConfig in Frameworks */ = {isa = PBXBuildFile; productRef = C45AF6AA2D9A2D32002C7190 /* FirebaseRemoteConfig */; };
		C45AF6AD2D9A2D32002C7190 /* FirebaseStorage in Frameworks */ = {isa = PBXBuildFile; productRef = C45AF6AC2D9A2D32002C7190 /* FirebaseStorage */; };
		C45AF6AF2D9A2D32002C7190 /* FirebaseStorageCombine-Community in Frameworks */ = {isa = PBXBuildFile; productRef = C45AF6AE2D9A2D32002C7190 /* FirebaseStorageCombine-Community */; };
		C45AF6B12D9A2D32002C7190 /* FirebaseVertexAI in Frameworks */ = {isa = PBXBuildFile; productRef = C45AF6B02D9A2D32002C7190 /* FirebaseVertexAI */; };
/* End PBXBuildFile section */

/* Begin PBXContainerItemProxy section */
		C4FF0EA12D9A1AD1000DDB01 /* PBXContainerItemProxy */ = {
			isa = PBXContainerItemProxy;
			containerPortal = C4FF0E882D9A1ACE000DDB01 /* Project object */;
			proxyType = 1;
			remoteGlobalIDString = C4FF0E8F2D9A1ACE000DDB01;
			remoteInfo = roomie;
		};
		C4FF0EAB2D9A1AD1000DDB01 /* PBXContainerItemProxy */ = {
			isa = PBXContainerItemProxy;
			containerPortal = C4FF0E882D9A1ACE000DDB01 /* Project object */;
			proxyType = 1;
			remoteGlobalIDString = C4FF0E8F2D9A1ACE000DDB01;
			remoteInfo = roomie;
		};
/* End PBXContainerItemProxy section */

/* Begin PBXFileReference section */
		C4FF0E902D9A1ACE000DDB01 /* roomie.app */ = {isa = PBXFileReference; explicitFileType = wrapper.application; includeInIndex = 0; path = roomie.app; sourceTree = BUILT_PRODUCTS_DIR; };
		C4FF0EA02D9A1AD1000DDB01 /* roomieTests.xctest */ = {isa = PBXFileReference; explicitFileType = wrapper.cfbundle; includeInIndex = 0; path = roomieTests.xctest; sourceTree = BUILT_PRODUCTS_DIR; };
		C4FF0EAA2D9A1AD1000DDB01 /* roomieUITests.xctest */ = {isa = PBXFileReference; explicitFileType = wrapper.cfbundle; includeInIndex = 0; path = roomieUITests.xctest; sourceTree = BUILT_PRODUCTS_DIR; };
/* End PBXFileReference section */

/* Begin PBXFileSystemSynchronizedBuildFileExceptionSet section */
		C4371D5B2DA374BC00C2F046 /* Exceptions for "roomie" folder in "roomieTests" target */ = {
			isa = PBXFileSystemSynchronizedBuildFileExceptionSet;
			membershipExceptions = (
				CardView.swift,
				ContentView.swift,
				DataManager.swift,
				Dog.swift,
				DogContentView.swift,
				"GoogleService-Info.plist",
				ListView.swift,
				roomieApp.swift,
			);
			target = C4FF0E9F2D9A1AD1000DDB01 /* roomieTests */;
		};
		C4371D5D2DA374C300C2F046 /* Exceptions for "roomie" folder in "roomie" target */ = {
			isa = PBXFileSystemSynchronizedBuildFileExceptionSet;
			membershipExceptions = (
				CardView.swift,
				ContentView.swift,
				DataManager.swift,
				Dog.swift,
				DogContentView.swift,
				"GoogleService-Info.plist",
				ListView.swift,
				roomieApp.swift,
			);
			target = C4FF0E8F2D9A1ACE000DDB01 /* roomie */;
		};
/* End PBXFileSystemSynchronizedBuildFileExceptionSet section */

/* Begin PBXFileSystemSynchronizedRootGroup section */
		C4E20B442DA36E9C00597C4B /* roomie */ = {
			isa = PBXFileSystemSynchronizedRootGroup;
			exceptions = (
				C4371D5D2DA374C300C2F046 /* Exceptions for "roomie" folder in "roomie" target */,
				C4371D5B2DA374BC00C2F046 /* Exceptions for "roomie" folder in "roomieTests" target */,
			);
			path = roomie;
			sourceTree = "<group>";
		};
		C4FF0EA32D9A1AD1000DDB01 /* roomieTests */ = {
			isa = PBXFileSystemSynchronizedRootGroup;
			path = roomieTests;
			sourceTree = "<group>";
		};
		C4FF0EAD2D9A1AD1000DDB01 /* roomieUITests */ = {
			isa = PBXFileSystemSynchronizedRootGroup;
			path = roomieUITests;
			sourceTree = "<group>";
		};
/* End PBXFileSystemSynchronizedRootGroup section */

/* Begin PBXFrameworksBuildPhase section */
		C4FF0E8D2D9A1ACE000DDB01 /* Frameworks */ = {
			isa = PBXFrameworksBuildPhase;
			buildActionMask = 2147483647;
			files = (
				C45AF6A52D9A2D32002C7190 /* FirebaseMessaging in Frameworks */,
				C45AF6B12D9A2D32002C7190 /* FirebaseVertexAI in Frameworks */,
				C45AF69B2D9A2D32002C7190 /* FirebaseFirestoreCombine-Community in Frameworks */,
				C45AF6A92D9A2D32002C7190 /* FirebasePerformance in Frameworks */,
				C45AF6AF2D9A2D32002C7190 /* FirebaseStorageCombine-Community in Frameworks */,
				C45AF6AB2D9A2D32002C7190 /* FirebaseRemoteConfig in Frameworks */,
				C45AF69D2D9A2D32002C7190 /* FirebaseFunctions in Frameworks */,
				C45AF6952D9A2D32002C7190 /* FirebaseDatabase in Frameworks */,
				C45AF6972D9A2D32002C7190 /* FirebaseDynamicLinks in Frameworks */,
				C45AF6892D9A2D32002C7190 /* FirebaseAppCheck in Frameworks */,
				C45AF68D2D9A2D32002C7190 /* FirebaseAuth in Frameworks */,
				C45AF6832D9A2D32002C7190 /* FirebaseAnalytics in Frameworks */,
				C45AF6992D9A2D32002C7190 /* FirebaseFirestore in Frameworks */,
				C45AF6A32D9A2D32002C7190 /* FirebaseInstallations in Frameworks */,
				C45AF69F2D9A2D32002C7190 /* FirebaseFunctionsCombine-Community in Frameworks */,
				C45AF68B2D9A2D32002C7190 /* FirebaseAppDistribution-Beta in Frameworks */,
				C45AF6A72D9A2D32002C7190 /* FirebaseMLModelDownloader in Frameworks */,
				C45AF6872D9A2D32002C7190 /* FirebaseAnalyticsWithoutAdIdSupport in Frameworks */,
				C45AF6A12D9A2D32002C7190 /* FirebaseInAppMessaging-Beta in Frameworks */,
				C45AF68F2D9A2D32002C7190 /* FirebaseAuthCombine-Community in Frameworks */,
				C45AF6932D9A2D32002C7190 /* FirebaseCrashlytics in Frameworks */,
				C45AF6AD2D9A2D32002C7190 /* FirebaseStorage in Frameworks */,
				C45AF6912D9A2D32002C7190 /* FirebaseCore in Frameworks */,
				C45AF6852D9A2D32002C7190 /* FirebaseAnalyticsOnDeviceConversion in Frameworks */,
			);
			runOnlyForDeploymentPostprocessing = 0;
		};
		C4FF0E9D2D9A1AD1000DDB01 /* Frameworks */ = {
			isa = PBXFrameworksBuildPhase;
			buildActionMask = 2147483647;
			files = (
			);
			runOnlyForDeploymentPostprocessing = 0;
		};
		C4FF0EA72D9A1AD1000DDB01 /* Frameworks */ = {
			isa = PBXFrameworksBuildPhase;
			buildActionMask = 2147483647;
			files = (
			);
			runOnlyForDeploymentPostprocessing = 0;
		};
/* End PBXFrameworksBuildPhase section */

/* Begin PBXGroup section */
		C45AF6812D9A2D22002C7190 /* Frameworks */ = {
			isa = PBXGroup;
			children = (
			);
			name = Frameworks;
			sourceTree = "<group>";
		};
		C4FF0E872D9A1ACE000DDB01 = {
			isa = PBXGroup;
			children = (
				C4E20B442DA36E9C00597C4B /* roomie */,
				C4FF0EA32D9A1AD1000DDB01 /* roomieTests */,
				C4FF0EAD2D9A1AD1000DDB01 /* roomieUITests */,
				C45AF6812D9A2D22002C7190 /* Frameworks */,
				C4FF0E912D9A1ACE000DDB01 /* Products */,
			);
			sourceTree = "<group>";
		};
		C4FF0E912D9A1ACE000DDB01 /* Products */ = {
			isa = PBXGroup;
			children = (
				C4FF0E902D9A1ACE000DDB01 /* roomie.app */,
				C4FF0EA02D9A1AD1000DDB01 /* roomieTests.xctest */,
				C4FF0EAA2D9A1AD1000DDB01 /* roomieUITests.xctest */,
			);
			name = Products;
			sourceTree = "<group>";
		};
/* End PBXGroup section */

/* Begin PBXNativeTarget section */
		C4FF0E8F2D9A1ACE000DDB01 /* roomie */ = {
			isa = PBXNativeTarget;
			buildConfigurationList = C4FF0EB42D9A1AD1000DDB01 /* Build configuration list for PBXNativeTarget "roomie" */;
			buildPhases = (
				C4FF0E8C2D9A1ACE000DDB01 /* Sources */,
				C4FF0E8D2D9A1ACE000DDB01 /* Frameworks */,
				C4FF0E8E2D9A1ACE000DDB01 /* Resources */,
			);
			buildRules = (
			);
			dependencies = (
			);
			name = roomie;
			packageProductDependencies = (
				C45AF6822D9A2D32002C7190 /* FirebaseAnalytics */,
				C45AF6842D9A2D32002C7190 /* FirebaseAnalyticsOnDeviceConversion */,
				C45AF6862D9A2D32002C7190 /* FirebaseAnalyticsWithoutAdIdSupport */,
				C45AF6882D9A2D32002C7190 /* FirebaseAppCheck */,
				C45AF68A2D9A2D32002C7190 /* FirebaseAppDistribution-Beta */,
				C45AF68C2D9A2D32002C7190 /* FirebaseAuth */,
				C45AF68E2D9A2D32002C7190 /* FirebaseAuthCombine-Community */,
				C45AF6902D9A2D32002C7190 /* FirebaseCore */,
				C45AF6922D9A2D32002C7190 /* FirebaseCrashlytics */,
				C45AF6942D9A2D32002C7190 /* FirebaseDatabase */,
				C45AF6962D9A2D32002C7190 /* FirebaseDynamicLinks */,
				C45AF6982D9A2D32002C7190 /* FirebaseFirestore */,
				C45AF69A2D9A2D32002C7190 /* FirebaseFirestoreCombine-Community */,
				C45AF69C2D9A2D32002C7190 /* FirebaseFunctions */,
				C45AF69E2D9A2D32002C7190 /* FirebaseFunctionsCombine-Community */,
				C45AF6A02D9A2D32002C7190 /* FirebaseInAppMessaging-Beta */,
				C45AF6A22D9A2D32002C7190 /* FirebaseInstallations */,
				C45AF6A42D9A2D32002C7190 /* FirebaseMessaging */,
				C45AF6A62D9A2D32002C7190 /* FirebaseMLModelDownloader */,
				C45AF6A82D9A2D32002C7190 /* FirebasePerformance */,
				C45AF6AA2D9A2D32002C7190 /* FirebaseRemoteConfig */,
				C45AF6AC2D9A2D32002C7190 /* FirebaseStorage */,
				C45AF6AE2D9A2D32002C7190 /* FirebaseStorageCombine-Community */,
				C45AF6B02D9A2D32002C7190 /* FirebaseVertexAI */,
			);
			productName = roomie;
			productReference = C4FF0E902D9A1ACE000DDB01 /* roomie.app */;
			productType = "com.apple.product-type.application";
		};
		C4FF0E9F2D9A1AD1000DDB01 /* roomieTests */ = {
			isa = PBXNativeTarget;
			buildConfigurationList = C4FF0EB72D9A1AD1000DDB01 /* Build configuration list for PBXNativeTarget "roomieTests" */;
			buildPhases = (
				C4FF0E9C2D9A1AD1000DDB01 /* Sources */,
				C4FF0E9D2D9A1AD1000DDB01 /* Frameworks */,
				C4FF0E9E2D9A1AD1000DDB01 /* Resources */,
			);
			buildRules = (
			);
			dependencies = (
				C4FF0EA22D9A1AD1000DDB01 /* PBXTargetDependency */,
			);
			fileSystemSynchronizedGroups = (
				C4E20B442DA36E9C00597C4B /* roomie */,
				C4FF0EA32D9A1AD1000DDB01 /* roomieTests */,
			);
			name = roomieTests;
			packageProductDependencies = (
			);
			productName = roomieTests;
			productReference = C4FF0EA02D9A1AD1000DDB01 /* roomieTests.xctest */;
			productType = "com.apple.product-type.bundle.unit-test";
		};
		C4FF0EA92D9A1AD1000DDB01 /* roomieUITests */ = {
			isa = PBXNativeTarget;
			buildConfigurationList = C4FF0EBA2D9A1AD1000DDB01 /* Build configuration list for PBXNativeTarget "roomieUITests" */;
			buildPhases = (
				C4FF0EA62D9A1AD1000DDB01 /* Sources */,
				C4FF0EA72D9A1AD1000DDB01 /* Frameworks */,
				C4FF0EA82D9A1AD1000DDB01 /* Resources */,
			);
			buildRules = (
			);
			dependencies = (
				C4FF0EAC2D9A1AD1000DDB01 /* PBXTargetDependency */,
			);
			fileSystemSynchronizedGroups = (
				C4FF0EAD2D9A1AD1000DDB01 /* roomieUITests */,
			);
			name = roomieUITests;
			packageProductDependencies = (
			);
			productName = roomieUITests;
			productReference = C4FF0EAA2D9A1AD1000DDB01 /* roomieUITests.xctest */;
			productType = "com.apple.product-type.bundle.ui-testing";
		};
/* End PBXNativeTarget section */

/* Begin PBXProject section */
		C4FF0E882D9A1ACE000DDB01 /* Project object */ = {
			isa = PBXProject;
			attributes = {
				BuildIndependentTargetsInParallel = 1;
				LastSwiftUpdateCheck = 1620;
				LastUpgradeCheck = 1620;
				TargetAttributes = {
					C4FF0E8F2D9A1ACE000DDB01 = {
						CreatedOnToolsVersion = 16.2;
					};
					C4FF0E9F2D9A1AD1000DDB01 = {
						CreatedOnToolsVersion = 16.2;
						TestTargetID = C4FF0E8F2D9A1ACE000DDB01;
					};
					C4FF0EA92D9A1AD1000DDB01 = {
						CreatedOnToolsVersion = 16.2;
						TestTargetID = C4FF0E8F2D9A1ACE000DDB01;
					};
				};
			};
			buildConfigurationList = C4FF0E8B2D9A1ACE000DDB01 /* Build configuration list for PBXProject "roomie" */;
			developmentRegion = en;
			hasScannedForEncodings = 0;
			knownRegions = (
				en,
				Base,
			);
			mainGroup = C4FF0E872D9A1ACE000DDB01;
			minimizedProjectReferenceProxies = 1;
			packageReferences = (
				C4FF0EBD2D9A289A000DDB01 /* XCRemoteSwiftPackageReference "firebase-ios-sdk" */,
			);
			preferredProjectObjectVersion = 77;
			productRefGroup = C4FF0E912D9A1ACE000DDB01 /* Products */;
			projectDirPath = "";
			projectRoot = "";
			targets = (
				C4FF0E8F2D9A1ACE000DDB01 /* roomie */,
				C4FF0E9F2D9A1AD1000DDB01 /* roomieTests */,
				C4FF0EA92D9A1AD1000DDB01 /* roomieUITests */,
			);
		};
/* End PBXProject section */

/* Begin PBXResourcesBuildPhase section */
		C4FF0E8E2D9A1ACE000DDB01 /* Resources */ = {
			isa = PBXResourcesBuildPhase;
			buildActionMask = 2147483647;
			files = (
			);
			runOnlyForDeploymentPostprocessing = 0;
		};
		C4FF0E9E2D9A1AD1000DDB01 /* Resources */ = {
			isa = PBXResourcesBuildPhase;
			buildActionMask = 2147483647;
			files = (
			);
			runOnlyForDeploymentPostprocessing = 0;
		};
		C4FF0EA82D9A1AD1000DDB01 /* Resources */ = {
			isa = PBXResourcesBuildPhase;
			buildActionMask = 2147483647;
			files = (
			);
			runOnlyForDeploymentPostprocessing = 0;
		};
/* End PBXResourcesBuildPhase section */

/* Begin PBXSourcesBuildPhase section */
		C4FF0E8C2D9A1ACE000DDB01 /* Sources */ = {
			isa = PBXSourcesBuildPhase;
			buildActionMask = 2147483647;
			files = (
			);
			runOnlyForDeploymentPostprocessing = 0;
		};
		C4FF0E9C2D9A1AD1000DDB01 /* Sources */ = {
			isa = PBXSourcesBuildPhase;
			buildActionMask = 2147483647;
			files = (
			);
			runOnlyForDeploymentPostprocessing = 0;
		};
		C4FF0EA62D9A1AD1000DDB01 /* Sources */ = {
			isa = PBXSourcesBuildPhase;
			buildActionMask = 2147483647;
			files = (
			);
			runOnlyForDeploymentPostprocessing = 0;
		};
/* End PBXSourcesBuildPhase section */

/* Begin PBXTargetDependency section */
		C4FF0EA22D9A1AD1000DDB01 /* PBXTargetDependency */ = {
			isa = PBXTargetDependency;
			target = C4FF0E8F2D9A1ACE000DDB01 /* roomie */;
			targetProxy = C4FF0EA12D9A1AD1000DDB01 /* PBXContainerItemProxy */;
		};
		C4FF0EAC2D9A1AD1000DDB01 /* PBXTargetDependency */ = {
			isa = PBXTargetDependency;
			target = C4FF0E8F2D9A1ACE000DDB01 /* roomie */;
			targetProxy = C4FF0EAB2D9A1AD1000DDB01 /* PBXContainerItemProxy */;
		};
/* End PBXTargetDependency section */

/* Begin XCBuildConfiguration section */
		C4FF0EB22D9A1AD1000DDB01 /* Debug */ = {
			isa = XCBuildConfiguration;
			buildSettings = {
				ALWAYS_SEARCH_USER_PATHS = NO;
				ASSETCATALOG_COMPILER_GENERATE_SWIFT_ASSET_SYMBOL_EXTENSIONS = YES;
				CLANG_ANALYZER_NONNULL = YES;
				CLANG_ANALYZER_NUMBER_OBJECT_CONVERSION = YES_AGGRESSIVE;
				CLANG_CXX_LANGUAGE_STANDARD = "gnu++20";
				CLANG_ENABLE_MODULES = YES;
				CLANG_ENABLE_OBJC_ARC = YES;
				CLANG_ENABLE_OBJC_WEAK = YES;
				CLANG_WARN_BLOCK_CAPTURE_AUTORELEASING = YES;
				CLANG_WARN_BOOL_CONVERSION = YES;
				CLANG_WARN_COMMA = YES;
				CLANG_WARN_CONSTANT_CONVERSION = YES;
				CLANG_WARN_DEPRECATED_OBJC_IMPLEMENTATIONS = YES;
				CLANG_WARN_DIRECT_OBJC_ISA_USAGE = YES_ERROR;
				CLANG_WARN_DOCUMENTATION_COMMENTS = YES;
				CLANG_WARN_EMPTY_BODY = YES;
				CLANG_WARN_ENUM_CONVERSION = YES;
				CLANG_WARN_INFINITE_RECURSION = YES;
				CLANG_WARN_INT_CONVERSION = YES;
				CLANG_WARN_NON_LITERAL_NULL_CONVERSION = YES;
				CLANG_WARN_OBJC_IMPLICIT_RETAIN_SELF = YES;
				CLANG_WARN_OBJC_LITERAL_CONVERSION = YES;
				CLANG_WARN_OBJC_ROOT_CLASS = YES_ERROR;
				CLANG_WARN_QUOTED_INCLUDE_IN_FRAMEWORK_HEADER = YES;
				CLANG_WARN_RANGE_LOOP_ANALYSIS = YES;
				CLANG_WARN_STRICT_PROTOTYPES = YES;
				CLANG_WARN_SUSPICIOUS_MOVE = YES;
				CLANG_WARN_UNGUARDED_AVAILABILITY = YES_AGGRESSIVE;
				CLANG_WARN_UNREACHABLE_CODE = YES;
				CLANG_WARN__DUPLICATE_METHOD_MATCH = YES;
				COPY_PHASE_STRIP = NO;
				DEBUG_INFORMATION_FORMAT = dwarf;
				ENABLE_STRICT_OBJC_MSGSEND = YES;
				ENABLE_TESTABILITY = YES;
				ENABLE_USER_SCRIPT_SANDBOXING = YES;
				GCC_C_LANGUAGE_STANDARD = gnu17;
				GCC_DYNAMIC_NO_PIC = NO;
				GCC_NO_COMMON_BLOCKS = YES;
				GCC_OPTIMIZATION_LEVEL = 0;
				GCC_PREPROCESSOR_DEFINITIONS = (
					"DEBUG=1",
					"$(inherited)",
				);
				GCC_WARN_64_TO_32_BIT_CONVERSION = YES;
				GCC_WARN_ABOUT_RETURN_TYPE = YES_ERROR;
				GCC_WARN_UNDECLARED_SELECTOR = YES;
				GCC_WARN_UNINITIALIZED_AUTOS = YES_AGGRESSIVE;
				GCC_WARN_UNUSED_FUNCTION = YES;
				GCC_WARN_UNUSED_VARIABLE = YES;
				IPHONEOS_DEPLOYMENT_TARGET = 18.2;
				LOCALIZATION_PREFERS_STRING_CATALOGS = YES;
				MTL_ENABLE_DEBUG_INFO = INCLUDE_SOURCE;
				MTL_FAST_MATH = YES;
				ONLY_ACTIVE_ARCH = YES;
				SDKROOT = iphoneos;
				SWIFT_ACTIVE_COMPILATION_CONDITIONS = "DEBUG $(inherited)";
				SWIFT_OPTIMIZATION_LEVEL = "-Onone";
			};
			name = Debug;
		};
		C4FF0EB32D9A1AD1000DDB01 /* Release */ = {
			isa = XCBuildConfiguration;
			buildSettings = {
				ALWAYS_SEARCH_USER_PATHS = NO;
				ASSETCATALOG_COMPILER_GENERATE_SWIFT_ASSET_SYMBOL_EXTENSIONS = YES;
				CLANG_ANALYZER_NONNULL = YES;
				CLANG_ANALYZER_NUMBER_OBJECT_CONVERSION = YES_AGGRESSIVE;
				CLANG_CXX_LANGUAGE_STANDARD = "gnu++20";
				CLANG_ENABLE_MODULES = YES;
				CLANG_ENABLE_OBJC_ARC = YES;
				CLANG_ENABLE_OBJC_WEAK = YES;
				CLANG_WARN_BLOCK_CAPTURE_AUTORELEASING = YES;
				CLANG_WARN_BOOL_CONVERSION = YES;
				CLANG_WARN_COMMA = YES;
				CLANG_WARN_CONSTANT_CONVERSION = YES;
				CLANG_WARN_DEPRECATED_OBJC_IMPLEMENTATIONS = YES;
				CLANG_WARN_DIRECT_OBJC_ISA_USAGE = YES_ERROR;
				CLANG_WARN_DOCUMENTATION_COMMENTS = YES;
				CLANG_WARN_EMPTY_BODY = YES;
				CLANG_WARN_ENUM_CONVERSION = YES;
				CLANG_WARN_INFINITE_RECURSION = YES;
				CLANG_WARN_INT_CONVERSION = YES;
				CLANG_WARN_NON_LITERAL_NULL_CONVERSION = YES;
				CLANG_WARN_OBJC_IMPLICIT_RETAIN_SELF = YES;
				CLANG_WARN_OBJC_LITERAL_CONVERSION = YES;
				CLANG_WARN_OBJC_ROOT_CLASS = YES_ERROR;
				CLANG_WARN_QUOTED_INCLUDE_IN_FRAMEWORK_HEADER = YES;
				CLANG_WARN_RANGE_LOOP_ANALYSIS = YES;
				CLANG_WARN_STRICT_PROTOTYPES = YES;
				CLANG_WARN_SUSPICIOUS_MOVE = YES;
				CLANG_WARN_UNGUARDED_AVAILABILITY = YES_AGGRESSIVE;
				CLANG_WARN_UNREACHABLE_CODE = YES;
				CLANG_WARN__DUPLICATE_METHOD_MATCH = YES;
				COPY_PHASE_STRIP = NO;
				DEBUG_INFORMATION_FORMAT = "dwarf-with-dsym";
				ENABLE_NS_ASSERTIONS = NO;
				ENABLE_STRICT_OBJC_MSGSEND = YES;
				ENABLE_USER_SCRIPT_SANDBOXING = YES;
				GCC_C_LANGUAGE_STANDARD = gnu17;
				GCC_NO_COMMON_BLOCKS = YES;
				GCC_WARN_64_TO_32_BIT_CONVERSION = YES;
				GCC_WARN_ABOUT_RETURN_TYPE = YES_ERROR;
				GCC_WARN_UNDECLARED_SELECTOR = YES;
				GCC_WARN_UNINITIALIZED_AUTOS = YES_AGGRESSIVE;
				GCC_WARN_UNUSED_FUNCTION = YES;
				GCC_WARN_UNUSED_VARIABLE = YES;
				IPHONEOS_DEPLOYMENT_TARGET = 18.2;
				LOCALIZATION_PREFERS_STRING_CATALOGS = YES;
				MTL_ENABLE_DEBUG_INFO = NO;
				MTL_FAST_MATH = YES;
				SDKROOT = iphoneos;
				SWIFT_COMPILATION_MODE = wholemodule;
				VALIDATE_PRODUCT = YES;
			};
			name = Release;
		};
		C4FF0EB52D9A1AD1000DDB01 /* Debug */ = {
			isa = XCBuildConfiguration;
			buildSettings = {
				ASSETCATALOG_COMPILER_APPICON_NAME = AppIcon;
				ASSETCATALOG_COMPILER_GLOBAL_ACCENT_COLOR_NAME = AccentColor;
				CODE_SIGN_STYLE = Automatic;
				CURRENT_PROJECT_VERSION = 1;
				DEVELOPMENT_ASSET_PATHS = "\"roomie/Preview Content\"";
				DEVELOPMENT_TEAM = 7NVB6G7R2A;
				ENABLE_PREVIEWS = YES;
				GENERATE_INFOPLIST_FILE = YES;
				INFOPLIST_KEY_UIApplicationSceneManifest_Generation = YES;
				INFOPLIST_KEY_UIApplicationSupportsIndirectInputEvents = YES;
				INFOPLIST_KEY_UILaunchScreen_Generation = YES;
				INFOPLIST_KEY_UISupportedInterfaceOrientations_iPad = "UIInterfaceOrientationPortrait UIInterfaceOrientationPortraitUpsideDown UIInterfaceOrientationLandscapeLeft UIInterfaceOrientationLandscapeRight";
				INFOPLIST_KEY_UISupportedInterfaceOrientations_iPhone = "UIInterfaceOrientationPortrait UIInterfaceOrientationLandscapeLeft UIInterfaceOrientationLandscapeRight";
				LD_RUNPATH_SEARCH_PATHS = (
					"$(inherited)",
					"@executable_path/Frameworks",
				);
				MARKETING_VERSION = 1.0;
				PRODUCT_BUNDLE_IDENTIFIER = jackOehling.roomie;
				PRODUCT_NAME = "$(TARGET_NAME)";
				SWIFT_EMIT_LOC_STRINGS = YES;
				SWIFT_VERSION = 5.0;
				TARGETED_DEVICE_FAMILY = "1,2";
			};
			name = Debug;
		};
		C4FF0EB62D9A1AD1000DDB01 /* Release */ = {
			isa = XCBuildConfiguration;
			buildSettings = {
				ASSETCATALOG_COMPILER_APPICON_NAME = AppIcon;
				ASSETCATALOG_COMPILER_GLOBAL_ACCENT_COLOR_NAME = AccentColor;
				CODE_SIGN_STYLE = Automatic;
				CURRENT_PROJECT_VERSION = 1;
				DEVELOPMENT_ASSET_PATHS = "\"roomie/Preview Content\"";
				DEVELOPMENT_TEAM = 7NVB6G7R2A;
				ENABLE_PREVIEWS = YES;
				GENERATE_INFOPLIST_FILE = YES;
				INFOPLIST_KEY_UIApplicationSceneManifest_Generation = YES;
				INFOPLIST_KEY_UIApplicationSupportsIndirectInputEvents = YES;
				INFOPLIST_KEY_UILaunchScreen_Generation = YES;
				INFOPLIST_KEY_UISupportedInterfaceOrientations_iPad = "UIInterfaceOrientationPortrait UIInterfaceOrientationPortraitUpsideDown UIInterfaceOrientationLandscapeLeft UIInterfaceOrientationLandscapeRight";
				INFOPLIST_KEY_UISupportedInterfaceOrientations_iPhone = "UIInterfaceOrientationPortrait UIInterfaceOrientationLandscapeLeft UIInterfaceOrientationLandscapeRight";
				LD_RUNPATH_SEARCH_PATHS = (
					"$(inherited)",
					"@executable_path/Frameworks",
				);
				MARKETING_VERSION = 1.0;
				PRODUCT_BUNDLE_IDENTIFIER = jackOehling.roomie;
				PRODUCT_NAME = "$(TARGET_NAME)";
				SWIFT_EMIT_LOC_STRINGS = YES;
				SWIFT_VERSION = 5.0;
				TARGETED_DEVICE_FAMILY = "1,2";
			};
			name = Release;
		};
		C4FF0EB82D9A1AD1000DDB01 /* Debug */ = {
			isa = XCBuildConfiguration;
			buildSettings = {
				BUNDLE_LOADER = "$(TEST_HOST)";
				CODE_SIGN_STYLE = Automatic;
				CURRENT_PROJECT_VERSION = 1;
				GENERATE_INFOPLIST_FILE = YES;
				IPHONEOS_DEPLOYMENT_TARGET = 18.2;
				MARKETING_VERSION = 1.0;
				PRODUCT_BUNDLE_IDENTIFIER = jackOehling.roomieTests;
				PRODUCT_NAME = "$(TARGET_NAME)";
				SWIFT_EMIT_LOC_STRINGS = NO;
				SWIFT_VERSION = 5.0;
				TARGETED_DEVICE_FAMILY = "1,2";
				TEST_HOST = "$(BUILT_PRODUCTS_DIR)/roomie.app/$(BUNDLE_EXECUTABLE_FOLDER_PATH)/roomie";
			};
			name = Debug;
		};
		C4FF0EB92D9A1AD1000DDB01 /* Release */ = {
			isa = XCBuildConfiguration;
			buildSettings = {
				BUNDLE_LOADER = "$(TEST_HOST)";
				CODE_SIGN_STYLE = Automatic;
				CURRENT_PROJECT_VERSION = 1;
				GENERATE_INFOPLIST_FILE = YES;
				IPHONEOS_DEPLOYMENT_TARGET = 18.2;
				MARKETING_VERSION = 1.0;
				PRODUCT_BUNDLE_IDENTIFIER = jackOehling.roomieTests;
				PRODUCT_NAME = "$(TARGET_NAME)";
				SWIFT_EMIT_LOC_STRINGS = NO;
				SWIFT_VERSION = 5.0;
				TARGETED_DEVICE_FAMILY = "1,2";
				TEST_HOST = "$(BUILT_PRODUCTS_DIR)/roomie.app/$(BUNDLE_EXECUTABLE_FOLDER_PATH)/roomie";
			};
			name = Release;
		};
		C4FF0EBB2D9A1AD1000DDB01 /* Debug */ = {
			isa = XCBuildConfiguration;
			buildSettings = {
				CODE_SIGN_STYLE = Automatic;
				CURRENT_PROJECT_VERSION = 1;
				GENERATE_INFOPLIST_FILE = YES;
				MARKETING_VERSION = 1.0;
				PRODUCT_BUNDLE_IDENTIFIER = jackOehling.roomieUITests;
				PRODUCT_NAME = "$(TARGET_NAME)";
				SWIFT_EMIT_LOC_STRINGS = NO;
				SWIFT_VERSION = 5.0;
				TARGETED_DEVICE_FAMILY = "1,2";
				TEST_TARGET_NAME = roomie;
			};
			name = Debug;
		};
		C4FF0EBC2D9A1AD1000DDB01 /* Release */ = {
			isa = XCBuildConfiguration;
			buildSettings = {
				CODE_SIGN_STYLE = Automatic;
				CURRENT_PROJECT_VERSION = 1;
				GENERATE_INFOPLIST_FILE = YES;
				MARKETING_VERSION = 1.0;
				PRODUCT_BUNDLE_IDENTIFIER = jackOehling.roomieUITests;
				PRODUCT_NAME = "$(TARGET_NAME)";
				SWIFT_EMIT_LOC_STRINGS = NO;
				SWIFT_VERSION = 5.0;
				TARGETED_DEVICE_FAMILY = "1,2";
				TEST_TARGET_NAME = roomie;
			};
			name = Release;
		};
/* End XCBuildConfiguration section */

/* Begin XCConfigurationList section */
		C4FF0E8B2D9A1ACE000DDB01 /* Build configuration list for PBXProject "roomie" */ = {
			isa = XCConfigurationList;
			buildConfigurations = (
				C4FF0EB22D9A1AD1000DDB01 /* Debug */,
				C4FF0EB32D9A1AD1000DDB01 /* Release */,
			);
			defaultConfigurationIsVisible = 0;
			defaultConfigurationName = Release;
		};
		C4FF0EB42D9A1AD1000DDB01 /* Build configuration list for PBXNativeTarget "roomie" */ = {
			isa = XCConfigurationList;
			buildConfigurations = (
				C4FF0EB52D9A1AD1000DDB01 /* Debug */,
				C4FF0EB62D9A1AD1000DDB01 /* Release */,
			);
			defaultConfigurationIsVisible = 0;
			defaultConfigurationName = Release;
		};
		C4FF0EB72D9A1AD1000DDB01 /* Build configuration list for PBXNativeTarget "roomieTests" */ = {
			isa = XCConfigurationList;
			buildConfigurations = (
				C4FF0EB82D9A1AD1000DDB01 /* Debug */,
				C4FF0EB92D9A1AD1000DDB01 /* Release */,
			);
			defaultConfigurationIsVisible = 0;
			defaultConfigurationName = Release;
		};
		C4FF0EBA2D9A1AD1000DDB01 /* Build configuration list for PBXNativeTarget "roomieUITests" */ = {
			isa = XCConfigurationList;
			buildConfigurations = (
				C4FF0EBB2D9A1AD1000DDB01 /* Debug */,
				C4FF0EBC2D9A1AD1000DDB01 /* Release */,
			);
			defaultConfigurationIsVisible = 0;
			defaultConfigurationName = Release;
		};
/* End XCConfigurationList section */

/* Begin XCRemoteSwiftPackageReference section */
		C4FF0EBD2D9A289A000DDB01 /* XCRemoteSwiftPackageReference "firebase-ios-sdk" */ = {
			isa = XCRemoteSwiftPackageReference;
			repositoryURL = "https://github.com/firebase/firebase-ios-sdk.git";
			requirement = {
				kind = upToNextMajorVersion;
				minimumVersion = 11.10.0;
			};
		};
/* End XCRemoteSwiftPackageReference section */

/* Begin XCSwiftPackageProductDependency section */
		C45AF6822D9A2D32002C7190 /* FirebaseAnalytics */ = {
			isa = XCSwiftPackageProductDependency;
			package = C4FF0EBD2D9A289A000DDB01 /* XCRemoteSwiftPackageReference "firebase-ios-sdk" */;
			productName = FirebaseAnalytics;
		};
		C45AF6842D9A2D32002C7190 /* FirebaseAnalyticsOnDeviceConversion */ = {
			isa = XCSwiftPackageProductDependency;
			package = C4FF0EBD2D9A289A000DDB01 /* XCRemoteSwiftPackageReference "firebase-ios-sdk" */;
			productName = FirebaseAnalyticsOnDeviceConversion;
		};
		C45AF6862D9A2D32002C7190 /* FirebaseAnalyticsWithoutAdIdSupport */ = {
			isa = XCSwiftPackageProductDependency;
			package = C4FF0EBD2D9A289A000DDB01 /* XCRemoteSwiftPackageReference "firebase-ios-sdk" */;
			productName = FirebaseAnalyticsWithoutAdIdSupport;
		};
		C45AF6882D9A2D32002C7190 /* FirebaseAppCheck */ = {
			isa = XCSwiftPackageProductDependency;
			package = C4FF0EBD2D9A289A000DDB01 /* XCRemoteSwiftPackageReference "firebase-ios-sdk" */;
			productName = FirebaseAppCheck;
		};
		C45AF68A2D9A2D32002C7190 /* FirebaseAppDistribution-Beta */ = {
			isa = XCSwiftPackageProductDependency;
			package = C4FF0EBD2D9A289A000DDB01 /* XCRemoteSwiftPackageReference "firebase-ios-sdk" */;
			productName = "FirebaseAppDistribution-Beta";
		};
		C45AF68C2D9A2D32002C7190 /* FirebaseAuth */ = {
			isa = XCSwiftPackageProductDependency;
			package = C4FF0EBD2D9A289A000DDB01 /* XCRemoteSwiftPackageReference "firebase-ios-sdk" */;
			productName = FirebaseAuth;
		};
		C45AF68E2D9A2D32002C7190 /* FirebaseAuthCombine-Community */ = {
			isa = XCSwiftPackageProductDependency;
			package = C4FF0EBD2D9A289A000DDB01 /* XCRemoteSwiftPackageReference "firebase-ios-sdk" */;
			productName = "FirebaseAuthCombine-Community";
		};
		C45AF6902D9A2D32002C7190 /* FirebaseCore */ = {
			isa = XCSwiftPackageProductDependency;
			package = C4FF0EBD2D9A289A000DDB01 /* XCRemoteSwiftPackageReference "firebase-ios-sdk" */;
			productName = FirebaseCore;
		};
		C45AF6922D9A2D32002C7190 /* FirebaseCrashlytics */ = {
			isa = XCSwiftPackageProductDependency;
			package = C4FF0EBD2D9A289A000DDB01 /* XCRemoteSwiftPackageReference "firebase-ios-sdk" */;
			productName = FirebaseCrashlytics;
		};
		C45AF6942D9A2D32002C7190 /* FirebaseDatabase */ = {
			isa = XCSwiftPackageProductDependency;
			package = C4FF0EBD2D9A289A000DDB01 /* XCRemoteSwiftPackageReference "firebase-ios-sdk" */;
			productName = FirebaseDatabase;
		};
		C45AF6962D9A2D32002C7190 /* FirebaseDynamicLinks */ = {
			isa = XCSwiftPackageProductDependency;
			package = C4FF0EBD2D9A289A000DDB01 /* XCRemoteSwiftPackageReference "firebase-ios-sdk" */;
			productName = FirebaseDynamicLinks;
		};
		C45AF6982D9A2D32002C7190 /* FirebaseFirestore */ = {
			isa = XCSwiftPackageProductDependency;
			package = C4FF0EBD2D9A289A000DDB01 /* XCRemoteSwiftPackageReference "firebase-ios-sdk" */;
			productName = FirebaseFirestore;
		};
		C45AF69A2D9A2D32002C7190 /* FirebaseFirestoreCombine-Community */ = {
			isa = XCSwiftPackageProductDependency;
			package = C4FF0EBD2D9A289A000DDB01 /* XCRemoteSwiftPackageReference "firebase-ios-sdk" */;
			productName = "FirebaseFirestoreCombine-Community";
		};
		C45AF69C2D9A2D32002C7190 /* FirebaseFunctions */ = {
			isa = XCSwiftPackageProductDependency;
			package = C4FF0EBD2D9A289A000DDB01 /* XCRemoteSwiftPackageReference "firebase-ios-sdk" */;
			productName = FirebaseFunctions;
		};
		C45AF69E2D9A2D32002C7190 /* FirebaseFunctionsCombine-Community */ = {
			isa = XCSwiftPackageProductDependency;
			package = C4FF0EBD2D9A289A000DDB01 /* XCRemoteSwiftPackageReference "firebase-ios-sdk" */;
			productName = "FirebaseFunctionsCombine-Community";
		};
		C45AF6A02D9A2D32002C7190 /* FirebaseInAppMessaging-Beta */ = {
			isa = XCSwiftPackageProductDependency;
			package = C4FF0EBD2D9A289A000DDB01 /* XCRemoteSwiftPackageReference "firebase-ios-sdk" */;
			productName = "FirebaseInAppMessaging-Beta";
		};
		C45AF6A22D9A2D32002C7190 /* FirebaseInstallations */ = {
			isa = XCSwiftPackageProductDependency;
			package = C4FF0EBD2D9A289A000DDB01 /* XCRemoteSwiftPackageReference "firebase-ios-sdk" */;
			productName = FirebaseInstallations;
		};
		C45AF6A42D9A2D32002C7190 /* FirebaseMessaging */ = {
			isa = XCSwiftPackageProductDependency;
			package = C4FF0EBD2D9A289A000DDB01 /* XCRemoteSwiftPackageReference "firebase-ios-sdk" */;
			productName = FirebaseMessaging;
		};
		C45AF6A62D9A2D32002C7190 /* FirebaseMLModelDownloader */ = {
			isa = XCSwiftPackageProductDependency;
			package = C4FF0EBD2D9A289A000DDB01 /* XCRemoteSwiftPackageReference "firebase-ios-sdk" */;
			productName = FirebaseMLModelDownloader;
		};
		C45AF6A82D9A2D32002C7190 /* FirebasePerformance */ = {
			isa = XCSwiftPackageProductDependency;
			package = C4FF0EBD2D9A289A000DDB01 /* XCRemoteSwiftPackageReference "firebase-ios-sdk" */;
			productName = FirebasePerformance;
		};
		C45AF6AA2D9A2D32002C7190 /* FirebaseRemoteConfig */ = {
			isa = XCSwiftPackageProductDependency;
			package = C4FF0EBD2D9A289A000DDB01 /* XCRemoteSwiftPackageReference "firebase-ios-sdk" */;
			productName = FirebaseRemoteConfig;
		};
		C45AF6AC2D9A2D32002C7190 /* FirebaseStorage */ = {
			isa = XCSwiftPackageProductDependency;
			package = C4FF0EBD2D9A289A000DDB01 /* XCRemoteSwiftPackageReference "firebase-ios-sdk" */;
			productName = FirebaseStorage;
		};
		C45AF6AE2D9A2D32002C7190 /* FirebaseStorageCombine-Community */ = {
			isa = XCSwiftPackageProductDependency;
			package = C4FF0EBD2D9A289A000DDB01 /* XCRemoteSwiftPackageReference "firebase-ios-sdk" */;
			productName = "FirebaseStorageCombine-Community";
		};
		C45AF6B02D9A2D32002C7190 /* FirebaseVertexAI */ = {
			isa = XCSwiftPackageProductDependency;
			package = C4FF0EBD2D9A289A000DDB01 /* XCRemoteSwiftPackageReference "firebase-ios-sdk" */;
			productName = FirebaseVertexAI;
		};
/* End XCSwiftPackageProductDependency section */
	};
	rootObject = C4FF0E882D9A1ACE000DDB01 /* Project object */;
}
